// !$*UTF8*$!
{
	archiveVersion = 1;
	classes = {
	};
	objectVersion = 46;
	objects = {

/* Begin PBXBuildFile section */
		FCB8CA331C5E767E00FC8988 /* AppDelegate.swift in Sources */ = {isa = PBXBuildFile; fileRef = FCB8CA321C5E767E00FC8988 /* AppDelegate.swift */; };
		FCB8CA351C5E767E00FC8988 /* ViewController.swift in Sources */ = {isa = PBXBuildFile; fileRef = FCB8CA341C5E767E00FC8988 /* ViewController.swift */; };
		FCB8CA381C5E767E00FC8988 /* Main.storyboard in Resources */ = {isa = PBXBuildFile; fileRef = FCB8CA361C5E767E00FC8988 /* Main.storyboard */; };
		FCB8CA3A1C5E767E00FC8988 /* Assets.xcassets in Resources */ = {isa = PBXBuildFile; fileRef = FCB8CA391C5E767E00FC8988 /* Assets.xcassets */; };
		FCB8CA3D1C5E767E00FC8988 /* LaunchScreen.storyboard in Resources */ = {isa = PBXBuildFile; fileRef = FCB8CA3B1C5E767E00FC8988 /* LaunchScreen.storyboard */; };
/* End PBXBuildFile section */

/* Begin PBXFileReference section */
		FCB8CA2F1C5E767E00FC8988 /* deleteme.app */ = {isa = PBXFileReference; explicitFileType = wrapper.application; includeInIndex = 0; path = deleteme.app; sourceTree = BUILT_PRODUCTS_DIR; };
		FCB8CA321C5E767E00FC8988 /* AppDelegate.swift */ = {isa = PBXFileReference; lastKnownFileType = sourcecode.swift; path = AppDelegate.swift; sourceTree = "<group>"; };
		FCB8CA341C5E767E00FC8988 /* ViewController.swift */ = {isa = PBXFileReference; lastKnownFileType = sourcecode.swift; path = ViewController.swift; sourceTree = "<group>"; };
		FCB8CA371C5E767E00FC8988 /* Base */ = {isa = PBXFileReference; lastKnownFileType = file.storyboard; name = Base; path = Base.lproj/Main.storyboard; sourceTree = "<group>"; };
		FCB8CA391C5E767E00FC8988 /* Assets.xcassets */ = {isa = PBXFileReference; lastKnownFileType = folder.assetcatalog; path = Assets.xcassets; sourceTree = "<group>"; };
		FCB8CA3C1C5E767E00FC8988 /* Base */ = {isa = PBXFileReference; lastKnownFileType = file.storyboard; name = Base; path = Base.lproj/LaunchScreen.storyboard; sourceTree = "<group>"; };
		FCB8CA3E1C5E767E00FC8988 /* Info.plist */ = {isa = PBXFileReference; lastKnownFileType = text.plist.xml; path = Info.plist; sourceTree = "<group>"; };
/* End PBXFileReference section */

/* Begin PBXFrameworksBuildPhase section */
		FCB8CA2C1C5E767E00FC8988 /* Frameworks */ = {
			isa = PBXFrameworksBuildPhase;
			buildActionMask = 2147483647;
			files = (
			);
			runOnlyForDeploymentPostprocessing = 0;
		};
/* End PBXFrameworksBuildPhase section */

/* Begin PBXGroup section */
		FCB8CA261C5E767E00FC8988 = {
			isa = PBXGroup;
			children = (
				FCB8CA311C5E767E00FC8988 /* deleteme */,
				FCB8CA301C5E767E00FC8988 /* Products */,
			);
			sourceTree = "<group>";
		};
		FCB8CA301C5E767E00FC8988 /* Products */ = {
			isa = PBXGroup;
			children = (
				FCB8CA2F1C5E767E00FC8988 /* deleteme.app */,
			);
			name = Products;
			sourceTree = "<group>";
		};
		FCB8CA311C5E767E00FC8988 /* deleteme */ = {
			isa = PBXGroup;
			children = (
				FCB8CA321C5E767E00FC8988 /* AppDelegate.swift */,
				FCB8CA341C5E767E00FC8988 /* ViewController.swift */,
				FCB8CA361C5E767E00FC8988 /* Main.storyboard */,
				FCB8CA391C5E767E00FC8988 /* Assets.xcassets */,
				FCB8CA3B1C5E767E00FC8988 /* LaunchScreen.storyboard */,
				FCB8CA3E1C5E767E00FC8988 /* Info.plist */,
			);
			path = deleteme;
			sourceTree = "<group>";
		};
/* End PBXGroup section */

/* Begin PBXNativeTarget section */
		FCB8CA2E1C5E767E00FC8988 /* deleteme */ = {
			isa = PBXNativeTarget;
			buildConfigurationList = FCB8CA411C5E767E00FC8988 /* Build configuration list for PBXNativeTarget "deleteme" */;
			buildPhases = (
				FCB8CA2B1C5E767E00FC8988 /* Sources */,
				FCB8CA2C1C5E767E00FC8988 /* Frameworks */,
				FCB8CA2D1C5E767E00FC8988 /* Resources */,
			);
			buildRules = (
			);
			dependencies = (
			);
			name = deleteme;
			productName = deleteme;
			productReference = FCB8CA2F1C5E767E00FC8988 /* deleteme.app */;
			productType = "com.apple.product-type.application";
		};
/* End PBXNativeTarget section */

/* Begin PBXProject section */
		FCB8CA271C5E767E00FC8988 /* Project object */ = {
			isa = PBXProject;
			attributes = {
				LastSwiftUpdateCheck = 0720;
				LastUpgradeCheck = 0720;
				ORGANIZATIONNAME = FiveFiftyEight;
				TargetAttributes = {
					FCB8CA2E1C5E767E00FC8988 = {
						CreatedOnToolsVersion = 7.2;
					};
				};
			};
			buildConfigurationList = FCB8CA2A1C5E767E00FC8988 /* Build configuration list for PBXProject "deleteme" */;
			compatibilityVersion = "Xcode 3.2";
			developmentRegion = English;
			hasScannedForEncodings = 0;
			knownRegions = (
				en,
				Base,
			);
			mainGroup = FCB8CA261C5E767E00FC8988;
			productRefGroup = FCB8CA301C5E767E00FC8988 /* Products */;
			projectDirPath = "";
			projectRoot = "";
			targets = (
				FCB8CA2E1C5E767E00FC8988 /* deleteme */,
			);
		};
/* End PBXProject section */

/* Begin PBXResourcesBuildPhase section */
		FCB8CA2D1C5E767E00FC8988 /* Resources */ = {
			isa = PBXResourcesBuildPhase;
			buildActionMask = 2147483647;
			files = (
				FCB8CA3D1C5E767E00FC8988 /* LaunchScreen.storyboard in Resources */,
				FCB8CA3A1C5E767E00FC8988 /* Assets.xcassets in Resources */,
				FCB8CA381C5E767E00FC8988 /* Main.storyboard in Resources */,
			);
			runOnlyForDeploymentPostprocessing = 0;
		};
/* End PBXResourcesBuildPhase section */

/* Begin PBXSourcesBuildPhase section */
		FCB8CA2B1C5E767E00FC8988 /* Sources */ = {
			isa = PBXSourcesBuildPhase;
			buildActionMask = 2147483647;
			files = (
				FCB8CA351C5E767E00FC8988 /* ViewController.swift in Sources */,
				FCB8CA331C5E767E00FC8988 /* AppDelegate.swift in Sources */,
			);
			runOnlyForDeploymentPostprocessing = 0;
		};
/* End PBXSourcesBuildPhase section */

/* Begin PBXVariantGroup section */
		FCB8CA361C5E767E00FC8988 /* Main.storyboard */ = {
			isa = PBXVariantGroup;
			children = (
				FCB8CA371C5E767E00FC8988 /* Base */,
			);
			name = Main.storyboard;
			sourceTree = "<group>";
		};
		FCB8CA3B1C5E767E00FC8988 /* LaunchScreen.storyboard */ = {
			isa = PBXVariantGroup;
			children = (
				FCB8CA3C1C5E767E00FC8988 /* Base */,
			);
			name = LaunchScreen.storyboard;
			sourceTree = "<group>";
		};
/* End PBXVariantGroup section */

/* Begin XCBuildConfiguration section */
		FCB8CA3F1C5E767E00FC8988 /* Debug */ = {
			isa = XCBuildConfiguration;
			buildSettings = {
				ALWAYS_SEARCH_USER_PATHS = NO;
				CLANG_CXX_LANGUAGE_STANDARD = "gnu++0x";
				CLANG_CXX_LIBRARY = "libc++";
				CLANG_ENABLE_MODULES = YES;
				CLANG_ENABLE_OBJC_ARC = YES;
				CLANG_WARN_BOOL_CONVERSION = YES;
				CLANG_WARN_CONSTANT_CONVERSION = YES;
				CLANG_WARN_DIRECT_OBJC_ISA_USAGE = YES_ERROR;
				CLANG_WARN_EMPTY_BODY = YES;
				CLANG_WARN_ENUM_CONVERSION = YES;
				CLANG_WARN_INT_CONVERSION = YES;
				CLANG_WARN_OBJC_ROOT_CLASS = YES_ERROR;
				CLANG_WARN_UNREACHABLE_CODE = YES;
				CLANG_WARN__DUPLICATE_METHOD_MATCH = YES;
				"CODE_SIGN_IDENTITY[sdk=iphoneos*]" = "iPhone Developer";
				COPY_PHASE_STRIP = NO;
				DEBUG_INFORMATION_FORMAT = dwarf;
				ENABLE_STRICT_OBJC_MSGSEND = YES;
				ENABLE_TESTABILITY = YES;
				GCC_C_LANGUAGE_STANDARD = gnu99;
				GCC_DYNAMIC_NO_PIC = NO;
				GCC_NO_COMMON_BLOCKS = YES;
				GCC_OPTIMIZATION_LEVEL = 0;
				GCC_PREPROCESSOR_DEFINITIONS = (
					"DEBUG=1",
					"$(inherited)",
				);
				GCC_WARN_64_TO_32_BIT_CONVERSION = YES;
				GCC_WARN_ABOUT_RETURN_TYPE = YES_ERROR;
				GCC_WARN_UNDECLARED_SELECTOR = YES;
				GCC_WARN_UNINITIALIZED_AUTOS = YES_AGGRESSIVE;
				GCC_WARN_UNUSED_FUNCTION = YES;
				GCC_WARN_UNUSED_VARIABLE = YES;
				IPHONEOS_DEPLOYMENT_TARGET = 9.2;
				MTL_ENABLE_DEBUG_INFO = YES;
				ONLY_ACTIVE_ARCH = YES;
				SDKROOT = iphoneos;
				SWIFT_OPTIMIZATION_LEVEL = "-Onone";
			};
			name = Debug;
		};
		FCB8CA401C5E767E00FC8988 /* Release */ = {
			isa = XCBuildConfiguration;
			buildSettings = {
				ALWAYS_SEARCH_USER_PATHS = NO;
				CLANG_CXX_LANGUAGE_STANDARD = "gnu++0x";
				CLANG_CXX_LIBRARY = "libc++";
				CLANG_ENABLE_MODULES = YES;
				CLANG_ENABLE_OBJC_ARC = YES;
				CLANG_WARN_BOOL_CONVERSION = YES;
				CLANG_WARN_CONSTANT_CONVERSION = YES;
				CLANG_WARN_DIRECT_OBJC_ISA_USAGE = YES_ERROR;
				CLANG_WARN_EMPTY_BODY = YES;
				CLANG_WARN_ENUM_CONVERSION = YES;
				CLANG_WARN_INT_CONVERSION = YES;
				CLANG_WARN_OBJC_ROOT_CLASS = YES_ERROR;
				CLANG_WARN_UNREACHABLE_CODE = YES;
				CLANG_WARN__DUPLICATE_METHOD_MATCH = YES;
				"CODE_SIGN_IDENTITY[sdk=iphoneos*]" = "iPhone Developer";
				COPY_PHASE_STRIP = NO;
				DEBUG_INFORMATION_FORMAT = "dwarf-with-dsym";
				ENABLE_NS_ASSERTIONS = NO;
				ENABLE_STRICT_OBJC_MSGSEND = YES;
				GCC_C_LANGUAGE_STANDARD = gnu99;
				GCC_NO_COMMON_BLOCKS = YES;
				GCC_WARN_64_TO_32_BIT_CONVERSION = YES;
				GCC_WARN_ABOUT_RETURN_TYPE = YES_ERROR;
				GCC_WARN_UNDECLARED_SELECTOR = YES;
				GCC_WARN_UNINITIALIZED_AUTOS = YES_AGGRESSIVE;
				GCC_WARN_UNUSED_FUNCTION = YES;
				GCC_WARN_UNUSED_VARIABLE = YES;
				IPHONEOS_DEPLOYMENT_TARGET = 9.2;
				MTL_ENABLE_DEBUG_INFO = NO;
				SDKROOT = iphoneos;
				VALIDATE_PRODUCT = YES;
			};
			name = Release;
		};
		FCB8CA421C5E767E00FC8988 /* Debug */ = {
			isa = XCBuildConfiguration;
			buildSettings = {
				ASSETCATALOG_COMPILER_APPICON_NAME = AppIcon;
				INFOPLIST_FILE = deleteme/Info.plist;
				LD_RUNPATH_SEARCH_PATHS = "$(inherited) @executable_path/Frameworks";
				PRODUCT_BUNDLE_IDENTIFIER = com.ffe.deleteme;
				PRODUCT_NAME = "$(TARGET_NAME)";
			};
			name = Debug;
		};
		FCB8CA431C5E767E00FC8988 /* Release */ = {
			isa = XCBuildConfiguration;
			buildSettings = {
				ASSETCATALOG_COMPILER_APPICON_NAME = AppIcon;
				INFOPLIST_FILE = deleteme/Info.plist;
				LD_RUNPATH_SEARCH_PATHS = "$(inherited) @executable_path/Frameworks";
				PRODUCT_BUNDLE_IDENTIFIER = com.ffe.deleteme;
				PRODUCT_NAME = "$(TARGET_NAME)";
			};
			name = Release;
		};
/* End XCBuildConfiguration section */

/* Begin XCConfigurationList section */
		FCB8CA2A1C5E767E00FC8988 /* Build configuration list for PBXProject "deleteme" */ = {
			isa = XCConfigurationList;
			buildConfigurations = (
				FCB8CA3F1C5E767E00FC8988 /* Debug */,
				FCB8CA401C5E767E00FC8988 /* Release */,
			);
			defaultConfigurationIsVisible = 0;
			defaultConfigurationName = Release;
		};
		FCB8CA411C5E767E00FC8988 /* Build configuration list for PBXNativeTarget "deleteme" */ = {
			isa = XCConfigurationList;
			buildConfigurations = (
				FCB8CA421C5E767E00FC8988 /* Debug */,
				FCB8CA431C5E767E00FC8988 /* Release */,
			);
			defaultConfigurationIsVisible = 0;
		};
/* End XCConfigurationList section */
	};
	rootObject = FCB8CA271C5E767E00FC8988 /* Project object */;
}
